Microsoft Visual Studio Solution File, Format Version 11.00
# Visual Studio 2008

Project("{2DD7B6EB-1F2F-E5F5-81A9-4909C6B97B96}") = "ForJams", "Assembly-CSharp.csproj", "{0E6E4259-BAD3-F188-ED34-AA3EC10146AA}"
EndProject
Project("{2DD7B6EB-1F2F-E5F5-81A9-4909C6B97B96}") = "ForJams", "Assembly-CSharp-Editor.csproj", "{A364FE4A-4E62-4BB6-51C7-B84C2250D0D8}"
EndProject
Global
	GlobalSection(SolutionConfigurationPlatforms) = preSolution
		Debug|Any CPU = Debug|Any CPU
		Release|Any CPU = Release|Any CPU
	EndGlobalSection
	GlobalSection(ProjectConfigurationPlatforms) = postSolution
		{0E6E4259-BAD3-F188-ED34-AA3EC10146AA}.Debug|Any CPU.ActiveCfg = Debug|Any CPU
		{0E6E4259-BAD3-F188-ED34-AA3EC10146AA}.Debug|Any CPU.Build.0 = Debug|Any CPU
		{0E6E4259-BAD3-F188-ED34-AA3EC10146AA}.Release|Any CPU.ActiveCfg = Release|Any CPU
		{0E6E4259-BAD3-F188-ED34-AA3EC10146AA}.Release|Any CPU.Build.0 = Release|Any CPU
		{A364FE4A-4E62-4BB6-51C7-B84C2250D0D8}.Debug|Any CPU.ActiveCfg = Debug|Any CPU
		{A364FE4A-4E62-4BB6-51C7-B84C2250D0D8}.Debug|Any CPU.Build.0 = Debug|Any CPU
		{A364FE4A-4E62-4BB6-51C7-B84C2250D0D8}.Release|Any CPU.ActiveCfg = Release|Any CPU
		{A364FE4A-4E62-4BB6-51C7-B84C2250D0D8}.Release|Any CPU.Build.0 = Release|Any CPU
	EndGlobalSection
	GlobalSection(SolutionProperties) = preSolution
		HideSolutionNode = FALSE
	EndGlobalSection
																																							GlobalSection(MonoDevelopProperties) = preSolution
		StartupItem = Assembly-CSharp.csproj
		Policies = $0
		$0.TextStylePolicy = $1
		$1.inheritsSet = null
		$1.scope = text/x-csharp
		$0.CSharpFormattingPolicy = $2
		$2.inheritsSet = Mono
		$2.inheritsScope = text/x-csharp
		$2.scope = text/x-csharp
		$0.TextStylePolicy = $3
		$3.FileWidth = 120
		$3.TabWidth = 4
		$3.EolMarker = Unix
		$3.inheritsSet = Mono
		$3.inheritsScope = text/plain
		$3.scope = text/plain
	EndGlobalSection

EndGlobal
